// !$*UTF8*$!
{
	archiveVersion = 1;
	classes = {
	};
	objectVersion = 56;
	objects = {

/* Begin PBXBuildFile section */
		5669762E2C88FB0B004BEF56 /* PokeCellView.swift in Sources */ = {isa = PBXBuildFile; fileRef = 5669762D2C88FB0B004BEF56 /* PokeCellView.swift */; };
		56B576DE2C8753040032CE65 /* pokedexApp.swift in Sources */ = {isa = PBXBuildFile; fileRef = 56B576DD2C8753040032CE65 /* pokedexApp.swift */; };
		56B576E02C8753040032CE65 /* ContentView.swift in Sources */ = {isa = PBXBuildFile; fileRef = 56B576DF2C8753040032CE65 /* ContentView.swift */; };
		56B576E22C8753070032CE65 /* Assets.xcassets in Resources */ = {isa = PBXBuildFile; fileRef = 56B576E12C8753070032CE65 /* Assets.xcassets */; };
		56B576E52C8753070032CE65 /* Preview Assets.xcassets in Resources */ = {isa = PBXBuildFile; fileRef = 56B576E42C8753070032CE65 /* Preview Assets.xcassets */; };
		56B576EF2C8753070032CE65 /* pokedexTests.swift in Sources */ = {isa = PBXBuildFile; fileRef = 56B576EE2C8753070032CE65 /* pokedexTests.swift */; };
		56B576F92C8753070032CE65 /* pokedexUITests.swift in Sources */ = {isa = PBXBuildFile; fileRef = 56B576F82C8753070032CE65 /* pokedexUITests.swift */; };
		56B576FB2C8753070032CE65 /* pokedexUITestsLaunchTests.swift in Sources */ = {isa = PBXBuildFile; fileRef = 56B576FA2C8753070032CE65 /* pokedexUITestsLaunchTests.swift */; };
		56B577092C8759170032CE65 /* Lottie in Frameworks */ = {isa = PBXBuildFile; productRef = 56B577082C8759170032CE65 /* Lottie */; };
		56B577142C8787490032CE65 /* SplashSwiftUI.swift in Sources */ = {isa = PBXBuildFile; fileRef = 56B577132C8787490032CE65 /* SplashSwiftUI.swift */; };
		56B577182C879E350032CE65 /* Network.swift in Sources */ = {isa = PBXBuildFile; fileRef = 56B577172C879E350032CE65 /* Network.swift */; };
		56B5771A2C879EDB0032CE65 /* pokeball.json in Resources */ = {isa = PBXBuildFile; fileRef = 56B577192C879EDB0032CE65 /* pokeball.json */; };
		56B5771C2C87A33E0032CE65 /* PokeModel.swift in Sources */ = {isa = PBXBuildFile; fileRef = 56B5771B2C87A33E0032CE65 /* PokeModel.swift */; };
		56B5771E2C87B5F20032CE65 /* PokeViewModel.swift in Sources */ = {isa = PBXBuildFile; fileRef = 56B5771D2C87B5F20032CE65 /* PokeViewModel.swift */; };
		56B577202C880AC20032CE65 /* DetailPokemons.swift in Sources */ = {isa = PBXBuildFile; fileRef = 56B5771F2C880AC20032CE65 /* DetailPokemons.swift */; };
/* End PBXBuildFile section */

/* Begin PBXContainerItemProxy section */
		56B576EB2C8753070032CE65 /* PBXContainerItemProxy */ = {
			isa = PBXContainerItemProxy;
			containerPortal = 56B576D22C8753040032CE65 /* Project object */;
			proxyType = 1;
			remoteGlobalIDString = 56B576D92C8753040032CE65;
			remoteInfo = pokedex;
		};
		56B576F52C8753070032CE65 /* PBXContainerItemProxy */ = {
			isa = PBXContainerItemProxy;
			containerPortal = 56B576D22C8753040032CE65 /* Project object */;
			proxyType = 1;
			remoteGlobalIDString = 56B576D92C8753040032CE65;
			remoteInfo = pokedex;
		};
/* End PBXContainerItemProxy section */

/* Begin PBXFileReference section */
		5669762D2C88FB0B004BEF56 /* PokeCellView.swift */ = {isa = PBXFileReference; lastKnownFileType = sourcecode.swift; path = PokeCellView.swift; sourceTree = "<group>"; };
		5669762F2C890009004BEF56 /* Info.plist */ = {isa = PBXFileReference; lastKnownFileType = text.plist; path = Info.plist; sourceTree = "<group>"; };
		56B576DA2C8753040032CE65 /* pokedex.app */ = {isa = PBXFileReference; explicitFileType = wrapper.application; includeInIndex = 0; path = pokedex.app; sourceTree = BUILT_PRODUCTS_DIR; };
		56B576DD2C8753040032CE65 /* pokedexApp.swift */ = {isa = PBXFileReference; lastKnownFileType = sourcecode.swift; path = pokedexApp.swift; sourceTree = "<group>"; };
		56B576DF2C8753040032CE65 /* ContentView.swift */ = {isa = PBXFileReference; lastKnownFileType = sourcecode.swift; path = ContentView.swift; sourceTree = "<group>"; };
		56B576E12C8753070032CE65 /* Assets.xcassets */ = {isa = PBXFileReference; lastKnownFileType = folder.assetcatalog; path = Assets.xcassets; sourceTree = "<group>"; };
		56B576E42C8753070032CE65 /* Preview Assets.xcassets */ = {isa = PBXFileReference; lastKnownFileType = folder.assetcatalog; path = "Preview Assets.xcassets"; sourceTree = "<group>"; };
		56B576EA2C8753070032CE65 /* pokedexTests.xctest */ = {isa = PBXFileReference; explicitFileType = wrapper.cfbundle; includeInIndex = 0; path = pokedexTests.xctest; sourceTree = BUILT_PRODUCTS_DIR; };
		56B576EE2C8753070032CE65 /* pokedexTests.swift */ = {isa = PBXFileReference; lastKnownFileType = sourcecode.swift; path = pokedexTests.swift; sourceTree = "<group>"; };
		56B576F42C8753070032CE65 /* pokedexUITests.xctest */ = {isa = PBXFileReference; explicitFileType = wrapper.cfbundle; includeInIndex = 0; path = pokedexUITests.xctest; sourceTree = BUILT_PRODUCTS_DIR; };
		56B576F82C8753070032CE65 /* pokedexUITests.swift */ = {isa = PBXFileReference; lastKnownFileType = sourcecode.swift; path = pokedexUITests.swift; sourceTree = "<group>"; };
		56B576FA2C8753070032CE65 /* pokedexUITestsLaunchTests.swift */ = {isa = PBXFileReference; lastKnownFileType = sourcecode.swift; path = pokedexUITestsLaunchTests.swift; sourceTree = "<group>"; };
		56B577132C8787490032CE65 /* SplashSwiftUI.swift */ = {isa = PBXFileReference; lastKnownFileType = sourcecode.swift; path = SplashSwiftUI.swift; sourceTree = "<group>"; };
		56B577172C879E350032CE65 /* Network.swift */ = {isa = PBXFileReference; lastKnownFileType = sourcecode.swift; path = Network.swift; sourceTree = "<group>"; };
		56B577192C879EDB0032CE65 /* pokeball.json */ = {isa = PBXFileReference; fileEncoding = 4; lastKnownFileType = text.json; name = pokeball.json; path = ../../../../Downloads/pokeball.json; sourceTree = "<group>"; };
		56B5771B2C87A33E0032CE65 /* PokeModel.swift */ = {isa = PBXFileReference; lastKnownFileType = sourcecode.swift; path = PokeModel.swift; sourceTree = "<group>"; };
		56B5771D2C87B5F20032CE65 /* PokeViewModel.swift */ = {isa = PBXFileReference; lastKnownFileType = sourcecode.swift; path = PokeViewModel.swift; sourceTree = "<group>"; };
		56B5771F2C880AC20032CE65 /* DetailPokemons.swift */ = {isa = PBXFileReference; lastKnownFileType = sourcecode.swift; path = DetailPokemons.swift; sourceTree = "<group>"; };
/* End PBXFileReference section */

/* Begin PBXFrameworksBuildPhase section */
		56B576D72C8753040032CE65 /* Frameworks */ = {
			isa = PBXFrameworksBuildPhase;
			buildActionMask = 2147483647;
			files = (
				56B577092C8759170032CE65 /* Lottie in Frameworks */,
			);
			runOnlyForDeploymentPostprocessing = 0;
		};
		56B576E72C8753070032CE65 /* Frameworks */ = {
			isa = PBXFrameworksBuildPhase;
			buildActionMask = 2147483647;
			files = (
			);
			runOnlyForDeploymentPostprocessing = 0;
		};
		56B576F12C8753070032CE65 /* Frameworks */ = {
			isa = PBXFrameworksBuildPhase;
			buildActionMask = 2147483647;
			files = (
			);
			runOnlyForDeploymentPostprocessing = 0;
		};
/* End PBXFrameworksBuildPhase section */

/* Begin PBXGroup section */
		56B576D12C8753040032CE65 = {
			isa = PBXGroup;
			children = (
				56B576DC2C8753040032CE65 /* pokedex */,
				56B576ED2C8753070032CE65 /* pokedexTests */,
				56B576F72C8753070032CE65 /* pokedexUITests */,
				56B576DB2C8753040032CE65 /* Products */,
			);
			sourceTree = "<group>";
		};
		56B576DB2C8753040032CE65 /* Products */ = {
			isa = PBXGroup;
			children = (
				56B576DA2C8753040032CE65 /* pokedex.app */,
				56B576EA2C8753070032CE65 /* pokedexTests.xctest */,
				56B576F42C8753070032CE65 /* pokedexUITests.xctest */,
			);
			name = Products;
			sourceTree = "<group>";
		};
		56B576DC2C8753040032CE65 /* pokedex */ = {
			isa = PBXGroup;
			children = (
				5669762F2C890009004BEF56 /* Info.plist */,
				56B576DD2C8753040032CE65 /* pokedexApp.swift */,
				56B577122C87872A0032CE65 /* Animations */,
				56B5770F2C87829B0032CE65 /* View */,
				56B5770D2C8782850032CE65 /* ModelView */,
				56B5770C2C87827F0032CE65 /* Model */,
				56B577172C879E350032CE65 /* Network.swift */,
				56B576E12C8753070032CE65 /* Assets.xcassets */,
				56B576E32C8753070032CE65 /* Preview Content */,
			);
			path = pokedex;
			sourceTree = "<group>";
		};
		56B576E32C8753070032CE65 /* Preview Content */ = {
			isa = PBXGroup;
			children = (
				56B576E42C8753070032CE65 /* Preview Assets.xcassets */,
			);
			path = "Preview Content";
			sourceTree = "<group>";
		};
		56B576ED2C8753070032CE65 /* pokedexTests */ = {
			isa = PBXGroup;
			children = (
				56B576EE2C8753070032CE65 /* pokedexTests.swift */,
			);
			path = pokedexTests;
			sourceTree = "<group>";
		};
		56B576F72C8753070032CE65 /* pokedexUITests */ = {
			isa = PBXGroup;
			children = (
				56B576F82C8753070032CE65 /* pokedexUITests.swift */,
				56B576FA2C8753070032CE65 /* pokedexUITestsLaunchTests.swift */,
			);
			path = pokedexUITests;
			sourceTree = "<group>";
		};
		56B5770C2C87827F0032CE65 /* Model */ = {
			isa = PBXGroup;
			children = (
				56B5771B2C87A33E0032CE65 /* PokeModel.swift */,
			);
			path = Model;
			sourceTree = "<group>";
		};
		56B5770D2C8782850032CE65 /* ModelView */ = {
			isa = PBXGroup;
			children = (
				56B5771D2C87B5F20032CE65 /* PokeViewModel.swift */,
			);
			path = ModelView;
			sourceTree = "<group>";
		};
		56B5770F2C87829B0032CE65 /* View */ = {
			isa = PBXGroup;
			children = (
				56B576DF2C8753040032CE65 /* ContentView.swift */,
				56B5771F2C880AC20032CE65 /* DetailPokemons.swift */,
				5669762D2C88FB0B004BEF56 /* PokeCellView.swift */,
			);
			path = View;
			sourceTree = "<group>";
		};
		56B577122C87872A0032CE65 /* Animations */ = {
			isa = PBXGroup;
			children = (
				56B577192C879EDB0032CE65 /* pokeball.json */,
				56B577132C8787490032CE65 /* SplashSwiftUI.swift */,
			);
			path = Animations;
			sourceTree = "<group>";
		};
/* End PBXGroup section */

/* Begin PBXNativeTarget section */
		56B576D92C8753040032CE65 /* pokedex */ = {
			isa = PBXNativeTarget;
			buildConfigurationList = 56B576FE2C8753070032CE65 /* Build configuration list for PBXNativeTarget "pokedex" */;
			buildPhases = (
				56B576D62C8753040032CE65 /* Sources */,
				56B576D72C8753040032CE65 /* Frameworks */,
				56B576D82C8753040032CE65 /* Resources */,
			);
			buildRules = (
			);
			dependencies = (
			);
			name = pokedex;
			packageProductDependencies = (
				56B577082C8759170032CE65 /* Lottie */,
			);
			productName = pokedex;
			productReference = 56B576DA2C8753040032CE65 /* pokedex.app */;
			productType = "com.apple.product-type.application";
		};
		56B576E92C8753070032CE65 /* pokedexTests */ = {
			isa = PBXNativeTarget;
			buildConfigurationList = 56B577012C8753070032CE65 /* Build configuration list for PBXNativeTarget "pokedexTests" */;
			buildPhases = (
				56B576E62C8753070032CE65 /* Sources */,
				56B576E72C8753070032CE65 /* Frameworks */,
				56B576E82C8753070032CE65 /* Resources */,
			);
			buildRules = (
			);
			dependencies = (
				56B576EC2C8753070032CE65 /* PBXTargetDependency */,
			);
			name = pokedexTests;
			productName = pokedexTests;
			productReference = 56B576EA2C8753070032CE65 /* pokedexTests.xctest */;
			productType = "com.apple.product-type.bundle.unit-test";
		};
		56B576F32C8753070032CE65 /* pokedexUITests */ = {
			isa = PBXNativeTarget;
			buildConfigurationList = 56B577042C8753070032CE65 /* Build configuration list for PBXNativeTarget "pokedexUITests" */;
			buildPhases = (
				56B576F02C8753070032CE65 /* Sources */,
				56B576F12C8753070032CE65 /* Frameworks */,
				56B576F22C8753070032CE65 /* Resources */,
			);
			buildRules = (
			);
			dependencies = (
				56B576F62C8753070032CE65 /* PBXTargetDependency */,
			);
			name = pokedexUITests;
			productName = pokedexUITests;
			productReference = 56B576F42C8753070032CE65 /* pokedexUITests.xctest */;
			productType = "com.apple.product-type.bundle.ui-testing";
		};
/* End PBXNativeTarget section */

/* Begin PBXProject section */
		56B576D22C8753040032CE65 /* Project object */ = {
			isa = PBXProject;
			attributes = {
				BuildIndependentTargetsInParallel = 1;
				LastSwiftUpdateCheck = 1520;
				LastUpgradeCheck = 1520;
				TargetAttributes = {
					56B576D92C8753040032CE65 = {
						CreatedOnToolsVersion = 15.2;
					};
					56B576E92C8753070032CE65 = {
						CreatedOnToolsVersion = 15.2;
						TestTargetID = 56B576D92C8753040032CE65;
					};
					56B576F32C8753070032CE65 = {
						CreatedOnToolsVersion = 15.2;
						TestTargetID = 56B576D92C8753040032CE65;
					};
				};
			};
			buildConfigurationList = 56B576D52C8753040032CE65 /* Build configuration list for PBXProject "pokedex" */;
			compatibilityVersion = "Xcode 14.0";
			developmentRegion = en;
			hasScannedForEncodings = 0;
			knownRegions = (
				en,
				es,
			);
			mainGroup = 56B576D12C8753040032CE65;
			packageReferences = (
				56B577072C8759160032CE65 /* XCRemoteSwiftPackageReference "lottie-spm" */,
			);
			productRefGroup = 56B576DB2C8753040032CE65 /* Products */;
			projectDirPath = "";
			projectRoot = "";
			targets = (
				56B576D92C8753040032CE65 /* pokedex */,
				56B576E92C8753070032CE65 /* pokedexTests */,
				56B576F32C8753070032CE65 /* pokedexUITests */,
			);
		};
/* End PBXProject section */

/* Begin PBXResourcesBuildPhase section */
		56B576D82C8753040032CE65 /* Resources */ = {
			isa = PBXResourcesBuildPhase;
			buildActionMask = 2147483647;
			files = (
				56B5771A2C879EDB0032CE65 /* pokeball.json in Resources */,
				56B576E52C8753070032CE65 /* Preview Assets.xcassets in Resources */,
				56B576E22C8753070032CE65 /* Assets.xcassets in Resources */,
			);
			runOnlyForDeploymentPostprocessing = 0;
		};
		56B576E82C8753070032CE65 /* Resources */ = {
			isa = PBXResourcesBuildPhase;
			buildActionMask = 2147483647;
			files = (
			);
			runOnlyForDeploymentPostprocessing = 0;
		};
		56B576F22C8753070032CE65 /* Resources */ = {
			isa = PBXResourcesBuildPhase;
			buildActionMask = 2147483647;
			files = (
			);
			runOnlyForDeploymentPostprocessing = 0;
		};
/* End PBXResourcesBuildPhase section */

/* Begin PBXSourcesBuildPhase section */
		56B576D62C8753040032CE65 /* Sources */ = {
			isa = PBXSourcesBuildPhase;
			buildActionMask = 2147483647;
			files = (
				56B577202C880AC20032CE65 /* DetailPokemons.swift in Sources */,
				56B576E02C8753040032CE65 /* ContentView.swift in Sources */,
				56B577142C8787490032CE65 /* SplashSwiftUI.swift in Sources */,
				56B577182C879E350032CE65 /* Network.swift in Sources */,
				56B5771E2C87B5F20032CE65 /* PokeViewModel.swift in Sources */,
				56B5771C2C87A33E0032CE65 /* PokeModel.swift in Sources */,
				56B576DE2C8753040032CE65 /* pokedexApp.swift in Sources */,
				5669762E2C88FB0B004BEF56 /* PokeCellView.swift in Sources */,
			);
			runOnlyForDeploymentPostprocessing = 0;
		};
		56B576E62C8753070032CE65 /* Sources */ = {
			isa = PBXSourcesBuildPhase;
			buildActionMask = 2147483647;
			files = (
				56B576EF2C8753070032CE65 /* pokedexTests.swift in Sources */,
			);
			runOnlyForDeploymentPostprocessing = 0;
		};
		56B576F02C8753070032CE65 /* Sources */ = {
			isa = PBXSourcesBuildPhase;
			buildActionMask = 2147483647;
			files = (
				56B576F92C8753070032CE65 /* pokedexUITests.swift in Sources */,
				56B576FB2C8753070032CE65 /* pokedexUITestsLaunchTests.swift in Sources */,
			);
			runOnlyForDeploymentPostprocessing = 0;
		};
/* End PBXSourcesBuildPhase section */

/* Begin PBXTargetDependency section */
		56B576EC2C8753070032CE65 /* PBXTargetDependency */ = {
			isa = PBXTargetDependency;
			target = 56B576D92C8753040032CE65 /* pokedex */;
			targetProxy = 56B576EB2C8753070032CE65 /* PBXContainerItemProxy */;
		};
		56B576F62C8753070032CE65 /* PBXTargetDependency */ = {
			isa = PBXTargetDependency;
			target = 56B576D92C8753040032CE65 /* pokedex */;
			targetProxy = 56B576F52C8753070032CE65 /* PBXContainerItemProxy */;
		};
/* End PBXTargetDependency section */

/* Begin XCBuildConfiguration section */
		56B576FC2C8753070032CE65 /* Debug */ = {
			isa = XCBuildConfiguration;
			buildSettings = {
				ALWAYS_SEARCH_USER_PATHS = NO;
				ASSETCATALOG_COMPILER_GENERATE_SWIFT_ASSET_SYMBOL_EXTENSIONS = YES;
				CLANG_ANALYZER_NONNULL = YES;
				CLANG_ANALYZER_NUMBER_OBJECT_CONVERSION = YES_AGGRESSIVE;
				CLANG_CXX_LANGUAGE_STANDARD = "gnu++20";
				CLANG_ENABLE_MODULES = YES;
				CLANG_ENABLE_OBJC_ARC = YES;
				CLANG_ENABLE_OBJC_WEAK = YES;
				CLANG_WARN_BLOCK_CAPTURE_AUTORELEASING = YES;
				CLANG_WARN_BOOL_CONVERSION = YES;
				CLANG_WARN_COMMA = YES;
				CLANG_WARN_CONSTANT_CONVERSION = YES;
				CLANG_WARN_DEPRECATED_OBJC_IMPLEMENTATIONS = YES;
				CLANG_WARN_DIRECT_OBJC_ISA_USAGE = YES_ERROR;
				CLANG_WARN_DOCUMENTATION_COMMENTS = YES;
				CLANG_WARN_EMPTY_BODY = YES;
				CLANG_WARN_ENUM_CONVERSION = YES;
				CLANG_WARN_INFINITE_RECURSION = YES;
				CLANG_WARN_INT_CONVERSION = YES;
				CLANG_WARN_NON_LITERAL_NULL_CONVERSION = YES;
				CLANG_WARN_OBJC_IMPLICIT_RETAIN_SELF = YES;
				CLANG_WARN_OBJC_LITERAL_CONVERSION = YES;
				CLANG_WARN_OBJC_ROOT_CLASS = YES_ERROR;
				CLANG_WARN_QUOTED_INCLUDE_IN_FRAMEWORK_HEADER = YES;
				CLANG_WARN_RANGE_LOOP_ANALYSIS = YES;
				CLANG_WARN_STRICT_PROTOTYPES = YES;
				CLANG_WARN_SUSPICIOUS_MOVE = YES;
				CLANG_WARN_UNGUARDED_AVAILABILITY = YES_AGGRESSIVE;
				CLANG_WARN_UNREACHABLE_CODE = YES;
				CLANG_WARN__DUPLICATE_METHOD_MATCH = YES;
				COPY_PHASE_STRIP = NO;
				DEBUG_INFORMATION_FORMAT = dwarf;
				ENABLE_STRICT_OBJC_MSGSEND = YES;
				ENABLE_TESTABILITY = YES;
				ENABLE_USER_SCRIPT_SANDBOXING = YES;
				GCC_C_LANGUAGE_STANDARD = gnu17;
				GCC_DYNAMIC_NO_PIC = NO;
				GCC_NO_COMMON_BLOCKS = YES;
				GCC_OPTIMIZATION_LEVEL = 0;
				GCC_PREPROCESSOR_DEFINITIONS = (
					"DEBUG=1",
					"$(inherited)",
				);
				GCC_WARN_64_TO_32_BIT_CONVERSION = YES;
				GCC_WARN_ABOUT_RETURN_TYPE = YES_ERROR;
				GCC_WARN_UNDECLARED_SELECTOR = YES;
				GCC_WARN_UNINITIALIZED_AUTOS = YES_AGGRESSIVE;
				GCC_WARN_UNUSED_FUNCTION = YES;
				GCC_WARN_UNUSED_VARIABLE = YES;
				IPHONEOS_DEPLOYMENT_TARGET = 17.2;
				LOCALIZATION_PREFERS_STRING_CATALOGS = YES;
				MTL_ENABLE_DEBUG_INFO = INCLUDE_SOURCE;
				MTL_FAST_MATH = YES;
				ONLY_ACTIVE_ARCH = YES;
				SDKROOT = iphoneos;
				SWIFT_ACTIVE_COMPILATION_CONDITIONS = "DEBUG $(inherited)";
				SWIFT_OPTIMIZATION_LEVEL = "-Onone";
			};
			name = Debug;
		};
		56B576FD2C8753070032CE65 /* Release */ = {
			isa = XCBuildConfiguration;
			buildSettings = {
				ALWAYS_SEARCH_USER_PATHS = NO;
				ASSETCATALOG_COMPILER_GENERATE_SWIFT_ASSET_SYMBOL_EXTENSIONS = YES;
				CLANG_ANALYZER_NONNULL = YES;
				CLANG_ANALYZER_NUMBER_OBJECT_CONVERSION = YES_AGGRESSIVE;
				CLANG_CXX_LANGUAGE_STANDARD = "gnu++20";
				CLANG_ENABLE_MODULES = YES;
				CLANG_ENABLE_OBJC_ARC = YES;
				CLANG_ENABLE_OBJC_WEAK = YES;
				CLANG_WARN_BLOCK_CAPTURE_AUTORELEASING = YES;
				CLANG_WARN_BOOL_CONVERSION = YES;
				CLANG_WARN_COMMA = YES;
				CLANG_WARN_CONSTANT_CONVERSION = YES;
				CLANG_WARN_DEPRECATED_OBJC_IMPLEMENTATIONS = YES;
				CLANG_WARN_DIRECT_OBJC_ISA_USAGE = YES_ERROR;
				CLANG_WARN_DOCUMENTATION_COMMENTS = YES;
				CLANG_WARN_EMPTY_BODY = YES;
				CLANG_WARN_ENUM_CONVERSION = YES;
				CLANG_WARN_INFINITE_RECURSION = YES;
				CLANG_WARN_INT_CONVERSION = YES;
				CLANG_WARN_NON_LITERAL_NULL_CONVERSION = YES;
				CLANG_WARN_OBJC_IMPLICIT_RETAIN_SELF = YES;
				CLANG_WARN_OBJC_LITERAL_CONVERSION = YES;
				CLANG_WARN_OBJC_ROOT_CLASS = YES_ERROR;
				CLANG_WARN_QUOTED_INCLUDE_IN_FRAMEWORK_HEADER = YES;
				CLANG_WARN_RANGE_LOOP_ANALYSIS = YES;
				CLANG_WARN_STRICT_PROTOTYPES = YES;
				CLANG_WARN_SUSPICIOUS_MOVE = YES;
				CLANG_WARN_UNGUARDED_AVAILABILITY = YES_AGGRESSIVE;
				CLANG_WARN_UNREACHABLE_CODE = YES;
				CLANG_WARN__DUPLICATE_METHOD_MATCH = YES;
				COPY_PHASE_STRIP = NO;
				DEBUG_INFORMATION_FORMAT = "dwarf-with-dsym";
				ENABLE_NS_ASSERTIONS = NO;
				ENABLE_STRICT_OBJC_MSGSEND = YES;
				ENABLE_USER_SCRIPT_SANDBOXING = YES;
				GCC_C_LANGUAGE_STANDARD = gnu17;
				GCC_NO_COMMON_BLOCKS = YES;
				GCC_WARN_64_TO_32_BIT_CONVERSION = YES;
				GCC_WARN_ABOUT_RETURN_TYPE = YES_ERROR;
				GCC_WARN_UNDECLARED_SELECTOR = YES;
				GCC_WARN_UNINITIALIZED_AUTOS = YES_AGGRESSIVE;
				GCC_WARN_UNUSED_FUNCTION = YES;
				GCC_WARN_UNUSED_VARIABLE = YES;
				IPHONEOS_DEPLOYMENT_TARGET = 17.2;
				LOCALIZATION_PREFERS_STRING_CATALOGS = YES;
				MTL_ENABLE_DEBUG_INFO = NO;
				MTL_FAST_MATH = YES;
				SDKROOT = iphoneos;
				SWIFT_COMPILATION_MODE = wholemodule;
				VALIDATE_PRODUCT = YES;
			};
			name = Release;
		};
		56B576FF2C8753070032CE65 /* Debug */ = {
			isa = XCBuildConfiguration;
			buildSettings = {
				ASSETCATALOG_COMPILER_APPICON_NAME = AppIcon;
				ASSETCATALOG_COMPILER_GLOBAL_ACCENT_COLOR_NAME = AccentColor;
				CODE_SIGN_STYLE = Automatic;
				CURRENT_PROJECT_VERSION = 1;
				DEVELOPMENT_ASSET_PATHS = "\"pokedex/Preview Content\"";
				DEVELOPMENT_TEAM = 5L4324L9JB;
				ENABLE_PREVIEWS = YES;
				GENERATE_INFOPLIST_FILE = YES;
				INFOPLIST_FILE = pokedex/Info.plist;
				INFOPLIST_KEY_UIApplicationSceneManifest_Generation = YES;
				INFOPLIST_KEY_UIApplicationSupportsIndirectInputEvents = YES;
				INFOPLIST_KEY_UILaunchScreen_Generation = YES;
				INFOPLIST_KEY_UIStatusBarStyle = UIStatusBarStyleLightContent;
				INFOPLIST_KEY_UISupportedInterfaceOrientations_iPad = "UIInterfaceOrientationPortrait UIInterfaceOrientationPortraitUpsideDown UIInterfaceOrientationLandscapeLeft UIInterfaceOrientationLandscapeRight";
				INFOPLIST_KEY_UISupportedInterfaceOrientations_iPhone = "UIInterfaceOrientationPortrait UIInterfaceOrientationLandscapeLeft UIInterfaceOrientationLandscapeRight";
				INFOPLIST_KEY_UIUserInterfaceStyle = Light;
				LD_RUNPATH_SEARCH_PATHS = (
					"$(inherited)",
					"@executable_path/Frameworks",
				);
				MARKETING_VERSION = 1.0;
				PRODUCT_BUNDLE_IDENTIFIER = EduardoCM.pokedex;
				PRODUCT_NAME = "$(TARGET_NAME)";
				SWIFT_EMIT_LOC_STRINGS = YES;
				SWIFT_VERSION = 5.0;
				TARGETED_DEVICE_FAMILY = "1,2";
			};
			name = Debug;
		};
		56B577002C8753070032CE65 /* Release */ = {
			isa = XCBuildConfiguration;
			buildSettings = {
				ASSETCATALOG_COMPILER_APPICON_NAME = AppIcon;
				ASSETCATALOG_COMPILER_GLOBAL_ACCENT_COLOR_NAME = AccentColor;
				CODE_SIGN_STYLE = Automatic;
				CURRENT_PROJECT_VERSION = 1;
				DEVELOPMENT_ASSET_PATHS = "\"pokedex/Preview Content\"";
				DEVELOPMENT_TEAM = 5L4324L9JB;
				ENABLE_PREVIEWS = YES;
				GENERATE_INFOPLIST_FILE = YES;
				INFOPLIST_FILE = pokedex/Info.plist;
				INFOPLIST_KEY_UIApplicationSceneManifest_Generation = YES;
				INFOPLIST_KEY_UIApplicationSupportsIndirectInputEvents = YES;
				INFOPLIST_KEY_UILaunchScreen_Generation = YES;
				INFOPLIST_KEY_UIStatusBarStyle = UIStatusBarStyleLightContent;
				INFOPLIST_KEY_UISupportedInterfaceOrientations_iPad = "UIInterfaceOrientationPortrait UIInterfaceOrientationPortraitUpsideDown UIInterfaceOrientationLandscapeLeft UIInterfaceOrientationLandscapeRight";
				INFOPLIST_KEY_UISupportedInterfaceOrientations_iPhone = "UIInterfaceOrientationPortrait UIInterfaceOrientationLandscapeLeft UIInterfaceOrientationLandscapeRight";
				INFOPLIST_KEY_UIUserInterfaceStyle = Light;
				LD_RUNPATH_SEARCH_PATHS = (
					"$(inherited)",
					"@executable_path/Frameworks",
				);
				MARKETING_VERSION = 1.0;
				PRODUCT_BUNDLE_IDENTIFIER = EduardoCM.pokedex;
				PRODUCT_NAME = "$(TARGET_NAME)";
				SWIFT_EMIT_LOC_STRINGS = YES;
				SWIFT_VERSION = 5.0;
				TARGETED_DEVICE_FAMILY = "1,2";
			};
			name = Release;
		};
		56B577022C8753070032CE65 /* Debug */ = {
			isa = XCBuildConfiguration;
			buildSettings = {
				ALWAYS_EMBED_SWIFT_STANDARD_LIBRARIES = YES;
				BUNDLE_LOADER = "$(TEST_HOST)";
				CODE_SIGN_STYLE = Automatic;
				CURRENT_PROJECT_VERSION = 1;
				DEVELOPMENT_TEAM = 5L4324L9JB;
				GENERATE_INFOPLIST_FILE = YES;
				IPHONEOS_DEPLOYMENT_TARGET = 17.2;
				MARKETING_VERSION = 1.0;
				PRODUCT_BUNDLE_IDENTIFIER = EduardoCM.pokedexTests;
				PRODUCT_NAME = "$(TARGET_NAME)";
				SWIFT_EMIT_LOC_STRINGS = NO;
				SWIFT_VERSION = 5.0;
				TARGETED_DEVICE_FAMILY = "1,2";
				TEST_HOST = "$(BUILT_PRODUCTS_DIR)/pokedex.app/$(BUNDLE_EXECUTABLE_FOLDER_PATH)/pokedex";
			};
			name = Debug;
		};
		56B577032C8753070032CE65 /* Release */ = {
			isa = XCBuildConfiguration;
			buildSettings = {
				ALWAYS_EMBED_SWIFT_STANDARD_LIBRARIES = YES;
				BUNDLE_LOADER = "$(TEST_HOST)";
				CODE_SIGN_STYLE = Automatic;
				CURRENT_PROJECT_VERSION = 1;
				DEVELOPMENT_TEAM = 5L4324L9JB;
				GENERATE_INFOPLIST_FILE = YES;
				IPHONEOS_DEPLOYMENT_TARGET = 17.2;
				MARKETING_VERSION = 1.0;
				PRODUCT_BUNDLE_IDENTIFIER = EduardoCM.pokedexTests;
				PRODUCT_NAME = "$(TARGET_NAME)";
				SWIFT_EMIT_LOC_STRINGS = NO;
				SWIFT_VERSION = 5.0;
				TARGETED_DEVICE_FAMILY = "1,2";
				TEST_HOST = "$(BUILT_PRODUCTS_DIR)/pokedex.app/$(BUNDLE_EXECUTABLE_FOLDER_PATH)/pokedex";
			};
			name = Release;
		};
		56B577052C8753070032CE65 /* Debug */ = {
			isa = XCBuildConfiguration;
			buildSettings = {
				ALWAYS_EMBED_SWIFT_STANDARD_LIBRARIES = YES;
				CODE_SIGN_STYLE = Automatic;
				CURRENT_PROJECT_VERSION = 1;
				DEVELOPMENT_TEAM = 5L4324L9JB;
				GENERATE_INFOPLIST_FILE = YES;
				MARKETING_VERSION = 1.0;
				PRODUCT_BUNDLE_IDENTIFIER = EduardoCM.pokedexUITests;
				PRODUCT_NAME = "$(TARGET_NAME)";
				SWIFT_EMIT_LOC_STRINGS = NO;
				SWIFT_VERSION = 5.0;
				TARGETED_DEVICE_FAMILY = "1,2";
				TEST_TARGET_NAME = pokedex;
			};
			name = Debug;
		};
		56B577062C8753070032CE65 /* Release */ = {
			isa = XCBuildConfiguration;
			buildSettings = {
				ALWAYS_EMBED_SWIFT_STANDARD_LIBRARIES = YES;
				CODE_SIGN_STYLE = Automatic;
				CURRENT_PROJECT_VERSION = 1;
				DEVELOPMENT_TEAM = 5L4324L9JB;
				GENERATE_INFOPLIST_FILE = YES;
				MARKETING_VERSION = 1.0;
				PRODUCT_BUNDLE_IDENTIFIER = EduardoCM.pokedexUITests;
				PRODUCT_NAME = "$(TARGET_NAME)";
				SWIFT_EMIT_LOC_STRINGS = NO;
				SWIFT_VERSION = 5.0;
				TARGETED_DEVICE_FAMILY = "1,2";
				TEST_TARGET_NAME = pokedex;
			};
			name = Release;
		};
/* End XCBuildConfiguration section */

/* Begin XCConfigurationList section */
		56B576D52C8753040032CE65 /* Build configuration list for PBXProject "pokedex" */ = {
			isa = XCConfigurationList;
			buildConfigurations = (
				56B576FC2C8753070032CE65 /* Debug */,
				56B576FD2C8753070032CE65 /* Release */,
			);
			defaultConfigurationIsVisible = 0;
			defaultConfigurationName = Release;
		};
		56B576FE2C8753070032CE65 /* Build configuration list for PBXNativeTarget "pokedex" */ = {
			isa = XCConfigurationList;
			buildConfigurations = (
				56B576FF2C8753070032CE65 /* Debug */,
				56B577002C8753070032CE65 /* Release */,
			);
			defaultConfigurationIsVisible = 0;
			defaultConfigurationName = Release;
		};
		56B577012C8753070032CE65 /* Build configuration list for PBXNativeTarget "pokedexTests" */ = {
			isa = XCConfigurationList;
			buildConfigurations = (
				56B577022C8753070032CE65 /* Debug */,
				56B577032C8753070032CE65 /* Release */,
			);
			defaultConfigurationIsVisible = 0;
			defaultConfigurationName = Release;
		};
		56B577042C8753070032CE65 /* Build configuration list for PBXNativeTarget "pokedexUITests" */ = {
			isa = XCConfigurationList;
			buildConfigurations = (
				56B577052C8753070032CE65 /* Debug */,
				56B577062C8753070032CE65 /* Release */,
			);
			defaultConfigurationIsVisible = 0;
			defaultConfigurationName = Release;
		};
/* End XCConfigurationList section */

/* Begin XCRemoteSwiftPackageReference section */
		56B577072C8759160032CE65 /* XCRemoteSwiftPackageReference "lottie-spm" */ = {
			isa = XCRemoteSwiftPackageReference;
			repositoryURL = "https://github.com/airbnb/lottie-spm.git";
			requirement = {
				kind = upToNextMajorVersion;
				minimumVersion = 4.5.0;
			};
		};
/* End XCRemoteSwiftPackageReference section */

/* Begin XCSwiftPackageProductDependency section */
		56B577082C8759170032CE65 /* Lottie */ = {
			isa = XCSwiftPackageProductDependency;
			package = 56B577072C8759160032CE65 /* XCRemoteSwiftPackageReference "lottie-spm" */;
			productName = Lottie;
		};
/* End XCSwiftPackageProductDependency section */
	};
	rootObject = 56B576D22C8753040032CE65 /* Project object */;
}
